
Microsoft Visual Studio Solution File, Format Version 12.00
# Visual Studio 15
VisualStudioVersion = 15.0.28307.168
MinimumVisualStudioVersion = 10.0.40219.1
Project("{FAE04EC0-301F-11D3-BF4B-00C04F79EFBC}") = "EShop.Core", "EShop.Core\EShop.Core.csproj", "{17402113-0C77-48D5-86F0-53B37C639682}"
EndProject
Project("{FAE04EC0-301F-11D3-BF4B-00C04F79EFBC}") = "EShop.Services", "EShop.Services\EShop.Services.csproj", "{E598881C-CC24-4E9F-BF6C-8D5B1BEDC201}"
EndProject
Project("{FAE04EC0-301F-11D3-BF4B-00C04F79EFBC}") = "EShop.DataAccess.SQL", "EShop.DataAccess.SQL\EShop.DataAccess.SQL.csproj", "{EF67CE07-12F3-4E47-8247-D490D33F3D47}"
EndProject
Project("{FAE04EC0-301F-11D3-BF4B-00C04F79EFBC}") = "EShop.DataAccess.InMemory", "EShop.DataAccess.InMemory\EShop.DataAccess.InMemory.csproj", "{4C180D0D-3B06-4AAE-90F1-FF01938DE400}"
EndProject
Project("{FAE04EC0-301F-11D3-BF4B-00C04F79EFBC}") = "EShop.WebUI", "EShop.WebUI\EShop.WebUI.csproj", "{A29058B6-F844-4D21-BA38-7FF9D25FDB63}"
EndProject
Project("{FAE04EC0-301F-11D3-BF4B-00C04F79EFBC}") = "EShop.WebUI.Tests", "EShop.WebUI.Tests\EShop.WebUI.Tests.csproj", "{A719467C-E0F4-489C-8183-E7D1ACEF6F39}"
EndProject
Global
	GlobalSection(SolutionConfigurationPlatforms) = preSolution
		Debug|Any CPU = Debug|Any CPU
		Release|Any CPU = Release|Any CPU
	EndGlobalSection
	GlobalSection(ProjectConfigurationPlatforms) = postSolution
		{17402113-0C77-48D5-86F0-53B37C639682}.Debug|Any CPU.ActiveCfg = Debug|Any CPU
		{17402113-0C77-48D5-86F0-53B37C639682}.Debug|Any CPU.Build.0 = Debug|Any CPU
		{17402113-0C77-48D5-86F0-53B37C639682}.Release|Any CPU.ActiveCfg = Release|Any CPU
		{17402113-0C77-48D5-86F0-53B37C639682}.Release|Any CPU.Build.0 = Release|Any CPU
		{E598881C-CC24-4E9F-BF6C-8D5B1BEDC201}.Debug|Any CPU.ActiveCfg = Debug|Any CPU
		{E598881C-CC24-4E9F-BF6C-8D5B1BEDC201}.Debug|Any CPU.Build.0 = Debug|Any CPU
		{E598881C-CC24-4E9F-BF6C-8D5B1BEDC201}.Release|Any CPU.ActiveCfg = Release|Any CPU
		{E598881C-CC24-4E9F-BF6C-8D5B1BEDC201}.Release|Any CPU.Build.0 = Release|Any CPU
		{EF67CE07-12F3-4E47-8247-D490D33F3D47}.Debug|Any CPU.ActiveCfg = Debug|Any CPU
		{EF67CE07-12F3-4E47-8247-D490D33F3D47}.Debug|Any CPU.Build.0 = Debug|Any CPU
		{EF67CE07-12F3-4E47-8247-D490D33F3D47}.Release|Any CPU.ActiveCfg = Release|Any CPU
		{EF67CE07-12F3-4E47-8247-D490D33F3D47}.Release|Any CPU.Build.0 = Release|Any CPU
		{4C180D0D-3B06-4AAE-90F1-FF01938DE400}.Debug|Any CPU.ActiveCfg = Debug|Any CPU
		{4C180D0D-3B06-4AAE-90F1-FF01938DE400}.Debug|Any CPU.Build.0 = Debug|Any CPU
		{4C180D0D-3B06-4AAE-90F1-FF01938DE400}.Release|Any CPU.ActiveCfg = Release|Any CPU
		{4C180D0D-3B06-4AAE-90F1-FF01938DE400}.Release|Any CPU.Build.0 = Release|Any CPU
		{A29058B6-F844-4D21-BA38-7FF9D25FDB63}.Debug|Any CPU.ActiveCfg = Debug|Any CPU
		{A29058B6-F844-4D21-BA38-7FF9D25FDB63}.Debug|Any CPU.Build.0 = Debug|Any CPU
		{A29058B6-F844-4D21-BA38-7FF9D25FDB63}.Release|Any CPU.ActiveCfg = Release|Any CPU
		{A29058B6-F844-4D21-BA38-7FF9D25FDB63}.Release|Any CPU.Build.0 = Release|Any CPU
		{A719467C-E0F4-489C-8183-E7D1ACEF6F39}.Debug|Any CPU.ActiveCfg = Debug|Any CPU
		{A719467C-E0F4-489C-8183-E7D1ACEF6F39}.Debug|Any CPU.Build.0 = Debug|Any CPU
		{A719467C-E0F4-489C-8183-E7D1ACEF6F39}.Release|Any CPU.ActiveCfg = Release|Any CPU
		{A719467C-E0F4-489C-8183-E7D1ACEF6F39}.Release|Any CPU.Build.0 = Release|Any CPU
	EndGlobalSection
	GlobalSection(SolutionProperties) = preSolution
		HideSolutionNode = FALSE
	EndGlobalSection
	GlobalSection(ExtensibilityGlobals) = postSolution
		SolutionGuid = {88BE1D39-7EE7-41A9-958F-C10CBA511D72}
	EndGlobalSection
EndGlobal
